
Microsoft Visual Studio Solution File, Format Version 11.00
# Visual Studio 2010
Project("{8BC9CEB8-8B4A-11D0-8D11-00A0C91BC942}") = "RWLockTest", "RWLockTest.vcxproj", "{62F50A03-518B-44FA-B956-E28BB7AF594C}"
	ProjectSection(ProjectDependencies) = postProject
		{1ABA5D27-3407-48B1-82F4-6260225DF5DE} = {1ABA5D27-3407-48B1-82F4-6260225DF5DE}
	EndProjectSection
EndProject
Project("{8BC9CEB8-8B4A-11D0-8D11-00A0C91BC942}") = "RWLock", "..\Src\RWLock.vcxproj", "{1ABA5D27-3407-48B1-82F4-6260225DF5DE}"
EndProject
Global
	GlobalSection(SolutionConfigurationPlatforms) = preSolution
		Debug|Win32 = Debug|Win32
		Debug|x64 = Debug|x64
		Release|Win32 = Release|Win32
		Release|x64 = Release|x64
	EndGlobalSection
	GlobalSection(ProjectConfigurationPlatforms) = postSolution
		{62F50A03-518B-44FA-B956-E28BB7AF594C}.Debug|Win32.ActiveCfg = Debug|Win32
		{62F50A03-518B-44FA-B956-E28BB7AF594C}.Debug|Win32.Build.0 = Debug|Win32
		{62F50A03-518B-44FA-B956-E28BB7AF594C}.Debug|x64.ActiveCfg = Debug|x64
		{62F50A03-518B-44FA-B956-E28BB7AF594C}.Debug|x64.Build.0 = Debug|x64
		{62F50A03-518B-44FA-B956-E28BB7AF594C}.Release|Win32.ActiveCfg = Release|Win32
		{62F50A03-518B-44FA-B956-E28BB7AF594C}.Release|Win32.Build.0 = Release|Win32
		{62F50A03-518B-44FA-B956-E28BB7AF594C}.Release|x64.ActiveCfg = Release|x64
		{62F50A03-518B-44FA-B956-E28BB7AF594C}.Release|x64.Build.0 = Release|x64
		{1ABA5D27-3407-48B1-82F4-6260225DF5DE}.Debug|Win32.ActiveCfg = Debug|Win32
		{1ABA5D27-3407-48B1-82F4-6260225DF5DE}.Debug|Win32.Build.0 = Debug|Win32
		{1ABA5D27-3407-48B1-82F4-6260225DF5DE}.Debug|x64.ActiveCfg = Debug|x64
		{1ABA5D27-3407-48B1-82F4-6260225DF5DE}.Debug|x64.Build.0 = Debug|x64
		{1ABA5D27-3407-48B1-82F4-6260225DF5DE}.Release|Win32.ActiveCfg = Release|Win32
		{1ABA5D27-3407-48B1-82F4-6260225DF5DE}.Release|Win32.Build.0 = Release|Win32
		{1ABA5D27-3407-48B1-82F4-6260225DF5DE}.Release|x64.ActiveCfg = Release|x64
		{1ABA5D27-3407-48B1-82F4-6260225DF5DE}.Release|x64.Build.0 = Release|x64
	EndGlobalSection
	GlobalSection(SolutionProperties) = preSolution
		HideSolutionNode = FALSE
	EndGlobalSection
EndGlobal
